<?xml version="1.0" encoding="utf-8"?>
<Project ToolsVersion="4.0" xmlns="http://schemas.microsoft.com/developer/msbuild/2003">
  <ItemGroup>
    <Filter Include="Utilities">
      <UniqueIdentifier>{93995380-89BD-4b04-88EB-625FBE52EBFB}</UniqueIdentifier>
      <Extensions>h;hh;hpp;hxx;h++;hm;inl;inc;ipp;xsd</Extensions>
    </Filter>
    <Filter Include="externals">
      <UniqueIdentifier>{18533231-0053-4dcb-b777-bd2df61d202c}</UniqueIdentifier>
    </Filter>
    <Filter Include="Main">
      <UniqueIdentifier>{4FC737F1-C7A5-4376-A066-2A32D752A2FF}</UniqueIdentifier>
      <Extensions>cpp;c;cc;cxx;c++;cppm;ixx;def;odl;idl;hpj;bat;asm;asmx</Extensions>
    </Filter>
    <Filter Include="Utilities\CUDA utilities">
      <UniqueIdentifier>{be2271b7-91e8-4de5-b786-fdedce516d54}</UniqueIdentifier>
    </Filter>
    <Filter Include="RT Engine">
      <UniqueIdentifier>{172f45ce-42c6-4e9c-b41b-4949fc14a669}</UniqueIdentifier>
    </Filter>
    <Filter Include="RT Engine\Graphics">
      <UniqueIdentifier>{a0a5c1b0-fa66-4747-8072-da36930f30fd}</UniqueIdentifier>
    </Filter>
    <Filter Include="RT Engine\Geometry">
      <UniqueIdentifier>{11f60267-4914-4c54-9903-5e7290379da4}</UniqueIdentifier>
    </Filter>
    <Filter Include="Utilities\CUDA utilities\CUDA Objects">
      <UniqueIdentifier>{ad024fae-0382-4fb1-892c-24ed5cd592a7}</UniqueIdentifier>
    </Filter>
    <Filter Include="RT Engine\Scenes">
      <UniqueIdentifier>{a688da9c-534c-42b2-b221-c42b1f84e38b}</UniqueIdentifier>
    </Filter>
  </ItemGroup>
  <ItemGroup>
    <CudaCompile Include="main.cu">
      <Filter>Main</Filter>
    </CudaCompile>
    <CudaCompile Include="Renderer.cu">
      <Filter>Main</Filter>
    </CudaCompile>
    <CudaCompile Include="FirstApp.cu">
      <Filter>Main</Filter>
    </CudaCompile>
    <CudaCompile Include="cuHostRND.cpp">
      <Filter>Utilities\CUDA utilities</Filter>
    </CudaCompile>
    <CudaCompile Include="book2SceneFactory.cu">
      <Filter>RT Engine\Scenes</Filter>
    </CudaCompile>
  </ItemGroup>
  <ItemGroup>
    <ClInclude Include="glm_utils.h">
      <Filter>Utilities</Filter>
    </ClInclude>
    <ClInclude Include="SphereHittable.cuh">
      <Filter>RT Engine\Geometry</Filter>
    </ClInclude>
    <ClInclude Include="cu_Cameras.cuh">
      <Filter>RT Engine\Graphics</Filter>
    </ClInclude>
    <ClInclude Include="cu_Materials.cuh">
      <Filter>RT Engine\Graphics</Filter>
    </ClInclude>
    <ClInclude Include="Renderer.cuh">
      <Filter>Main</Filter>
    </ClInclude>
    <ClInclude Include="FirstApp.cuh">
      <Filter>Main</Filter>
    </ClInclude>
    <ClInclude Include="cuError.h">
      <Filter>Utilities\CUDA utilities</Filter>
    </ClInclude>
    <ClInclude Include="cuHostRND.h">
      <Filter>Utilities\CUDA utilities</Filter>
    </ClInclude>
    <ClInclude Include="hittable.cuh">
      <Filter>RT Engine\Geometry</Filter>
    </ClInclude>
    <ClInclude Include="ray_data.cuh">
      <Filter>RT Engine</Filter>
    </ClInclude>
    <ClInclude Include="cu_rtCommon.cuh">
      <Filter>RT Engine</Filter>
    </ClInclude>
    <ClInclude Include="HittableList.cuh">
      <Filter>RT Engine\Geometry</Filter>
    </ClInclude>
    <ClInclude Include="material.cuh">
      <Filter>RT Engine\Graphics</Filter>
    </ClInclude>
    <ClInclude Include="ceilDiv.h">
      <Filter>Utilities</Filter>
    </ClInclude>
    <ClInclude Include="dAbstracts.cuh">
      <Filter>Utilities\CUDA utilities\CUDA Objects</Filter>
    </ClInclude>
    <ClInclude Include="darray.cuh">
      <Filter>Utilities\CUDA utilities\CUDA Objects</Filter>
    </ClInclude>
    <ClInclude Include="dmemory.cuh">
      <Filter>Utilities\CUDA utilities\CUDA Objects</Filter>
    </ClInclude>
    <ClInclude Include="dobj.cuh">
      <Filter>Utilities\CUDA utilities\CUDA Objects</Filter>
    </ClInclude>
    <ClInclude Include="cuRandom.cuh">
      <Filter>Utilities\CUDA utilities</Filter>
    </ClInclude>
    <ClInclude Include="cuIterators.cuh">
      <Filter>Utilities\CUDA utilities\CUDA Objects</Filter>
    </ClInclude>
    <ClInclude Include="cuThreadManagement.cuh">
      <Filter>Utilities\CUDA utilities</Filter>
    </ClInclude>
    <ClInclude Include="dptrarray.cuh">
      <Filter>Utilities\CUDA utilities\CUDA Objects</Filter>
    </ClInclude>
    <ClInclude Include="aabb.cuh">
      <Filter>RT Engine\Geometry</Filter>
    </ClInclude>
    <ClInclude Include="bvh_node.cuh">
      <Filter>RT Engine\Geometry</Filter>
    </ClInclude>
    <ClInclude Include="texture.cuh">
      <Filter>RT Engine\Graphics</Filter>
    </ClInclude>
    <ClInclude Include="cu_Textures.cuh">
      <Filter>RT Engine\Graphics</Filter>
    </ClInclude>
    <ClInclude Include="scene.cuh">
      <Filter>RT Engine\Scenes</Filter>
    </ClInclude>
    <ClInclude Include="book2SceneFactory.cuh">
      <Filter>RT Engine\Scenes</Filter>
    </ClInclude>
  </ItemGroup>
  <ItemGroup>
    <ClCompile Include="src\stb.cpp">
      <Filter>externals</Filter>
    </ClCompile>
  </ItemGroup>
  <ItemGroup>
    <None Include="dAbstracts.inl">
      <Filter>Utilities\CUDA utilities\CUDA Objects</Filter>
    </None>
  </ItemGroup>
</Project>