<?xml version="1.0" encoding="utf-8"?>
<Project ToolsVersion="4.0" xmlns="http://schemas.microsoft.com/developer/msbuild/2003">
  <ItemGroup>
    <Filter Include="Geometry">
      <UniqueIdentifier>{11f60267-4914-4c54-9903-5e7290379da4}</UniqueIdentifier>
    </Filter>
    <Filter Include="Graphics">
      <UniqueIdentifier>{a0a5c1b0-fa66-4747-8072-da36930f30fd}</UniqueIdentifier>
    </Filter>
    <Filter Include="Utilities">
      <UniqueIdentifier>{93995380-89BD-4b04-88EB-625FBE52EBFB}</UniqueIdentifier>
      <Extensions>h;hh;hpp;hxx;h++;hm;inl;inc;ipp;xsd</Extensions>
    </Filter>
    <Filter Include="externals">
      <UniqueIdentifier>{18533231-0053-4dcb-b777-bd2df61d202c}</UniqueIdentifier>
    </Filter>
    <Filter Include="Main">
      <UniqueIdentifier>{4FC737F1-C7A5-4376-A066-2A32D752A2FF}</UniqueIdentifier>
      <Extensions>cpp;c;cc;cxx;c++;cppm;ixx;def;odl;idl;hpj;bat;asm;asmx</Extensions>
    </Filter>
  </ItemGroup>
  <ItemGroup>
    <CudaCompile Include="main.cu">
      <Filter>Main</Filter>
    </CudaCompile>
    <CudaCompile Include="Renderer.cu">
      <Filter>Main</Filter>
    </CudaCompile>
  </ItemGroup>
  <ItemGroup>
    <ClInclude Include="glm_utils.h">
      <Filter>Utilities</Filter>
    </ClInclude>
    <ClInclude Include="cu_Geometry.cuh">
      <Filter>Geometry</Filter>
    </ClInclude>
    <ClInclude Include="cu_Cameras.cuh">
      <Filter>Graphics</Filter>
    </ClInclude>
    <ClInclude Include="cu_rtCommon.cuh">
      <Filter>Main</Filter>
    </ClInclude>
    <ClInclude Include="cu_Materials.cuh">
      <Filter>Graphics</Filter>
    </ClInclude>
    <ClInclude Include="Renderer.cuh">
      <Filter>Main</Filter>
    </ClInclude>
    <ClInclude Include="FirstApp.h">
      <Filter>Main</Filter>
    </ClInclude>
    <ClInclude Include="ray_data.cuh">
      <Filter>Graphics</Filter>
    </ClInclude>
    <ClInclude Include="cuda_utils.h">
      <Filter>Utilities</Filter>
    </ClInclude>
  </ItemGroup>
  <ItemGroup>
    <ClCompile Include="src\stb.cpp">
      <Filter>externals</Filter>
    </ClCompile>
    <ClCompile Include="FirstApp.cpp">
      <Filter>Main</Filter>
    </ClCompile>
  </ItemGroup>
</Project>